// !$*UTF8*$!
{
	archiveVersion = 1;
	classes = {
	};
	objectVersion = 55;
	objects = {

/* Begin PBXBuildFile section */
		667CB96B2822C0300014170F /* FruitSelectorApp.swift in Sources */ = {isa = PBXBuildFile; fileRef = 667CB96A2822C0300014170F /* FruitSelectorApp.swift */; };
		667CB96D2822C0300014170F /* ContentView.swift in Sources */ = {isa = PBXBuildFile; fileRef = 667CB96C2822C0300014170F /* ContentView.swift */; };
		667CB96F2822C0340014170F /* Assets.xcassets in Resources */ = {isa = PBXBuildFile; fileRef = 667CB96E2822C0340014170F /* Assets.xcassets */; };
		667CB9722822C0340014170F /* Preview Assets.xcassets in Resources */ = {isa = PBXBuildFile; fileRef = 667CB9712822C0340014170F /* Preview Assets.xcassets */; };
		667CB97B2822DAEE0014170F /* FruitCardView.swift in Sources */ = {isa = PBXBuildFile; fileRef = 667CB97A2822DAEE0014170F /* FruitCardView.swift */; };
		667CB97D2822DED40014170F /* StartButtonView.swift in Sources */ = {isa = PBXBuildFile; fileRef = 667CB97C2822DED40014170F /* StartButtonView.swift */; };
		667CB97F2822E1CE0014170F /* OnboardingView.swift in Sources */ = {isa = PBXBuildFile; fileRef = 667CB97E2822E1CE0014170F /* OnboardingView.swift */; };
		667CB9822822FED10014170F /* FruitModel.swift in Sources */ = {isa = PBXBuildFile; fileRef = 667CB9812822FED10014170F /* FruitModel.swift */; };
		667CB9852822FFB20014170F /* FruitData.swift in Sources */ = {isa = PBXBuildFile; fileRef = 667CB9842822FFB20014170F /* FruitData.swift */; };
/* End PBXBuildFile section */

/* Begin PBXFileReference section */
		667CB9672822C0300014170F /* FruitSelector.app */ = {isa = PBXFileReference; explicitFileType = wrapper.application; includeInIndex = 0; path = FruitSelector.app; sourceTree = BUILT_PRODUCTS_DIR; };
		667CB96A2822C0300014170F /* FruitSelectorApp.swift */ = {isa = PBXFileReference; lastKnownFileType = sourcecode.swift; path = FruitSelectorApp.swift; sourceTree = "<group>"; };
		667CB96C2822C0300014170F /* ContentView.swift */ = {isa = PBXFileReference; lastKnownFileType = sourcecode.swift; path = ContentView.swift; sourceTree = "<group>"; };
		667CB96E2822C0340014170F /* Assets.xcassets */ = {isa = PBXFileReference; lastKnownFileType = folder.assetcatalog; path = Assets.xcassets; sourceTree = "<group>"; };
		667CB9712822C0340014170F /* Preview Assets.xcassets */ = {isa = PBXFileReference; lastKnownFileType = folder.assetcatalog; path = "Preview Assets.xcassets"; sourceTree = "<group>"; };
		667CB97A2822DAEE0014170F /* FruitCardView.swift */ = {isa = PBXFileReference; lastKnownFileType = sourcecode.swift; path = FruitCardView.swift; sourceTree = "<group>"; };
		667CB97C2822DED40014170F /* StartButtonView.swift */ = {isa = PBXFileReference; lastKnownFileType = sourcecode.swift; path = StartButtonView.swift; sourceTree = "<group>"; };
		667CB97E2822E1CE0014170F /* OnboardingView.swift */ = {isa = PBXFileReference; lastKnownFileType = sourcecode.swift; path = OnboardingView.swift; sourceTree = "<group>"; };
		667CB9812822FED10014170F /* FruitModel.swift */ = {isa = PBXFileReference; lastKnownFileType = sourcecode.swift; path = FruitModel.swift; sourceTree = "<group>"; };
		667CB9842822FFB20014170F /* FruitData.swift */ = {isa = PBXFileReference; lastKnownFileType = sourcecode.swift; path = FruitData.swift; sourceTree = "<group>"; };
/* End PBXFileReference section */

/* Begin PBXFrameworksBuildPhase section */
		667CB9642822C0300014170F /* Frameworks */ = {
			isa = PBXFrameworksBuildPhase;
			buildActionMask = 2147483647;
			files = (
			);
			runOnlyForDeploymentPostprocessing = 0;
		};
/* End PBXFrameworksBuildPhase section */

/* Begin PBXGroup section */
		667CB95E2822C0300014170F = {
			isa = PBXGroup;
			children = (
				667CB9692822C0300014170F /* FruitSelector */,
				667CB9682822C0300014170F /* Products */,
			);
			sourceTree = "<group>";
		};
		667CB9682822C0300014170F /* Products */ = {
			isa = PBXGroup;
			children = (
				667CB9672822C0300014170F /* FruitSelector.app */,
			);
			name = Products;
			sourceTree = "<group>";
		};
		667CB9692822C0300014170F /* FruitSelector */ = {
			isa = PBXGroup;
			children = (
				667CB9832822FF9A0014170F /* Data */,
				667CB9802822FEB40014170F /* Model */,
				667CB9792822DAC40014170F /* View */,
				667CB9782822DA600014170F /* App */,
				667CB96E2822C0340014170F /* Assets.xcassets */,
				667CB9702822C0340014170F /* Preview Content */,
			);
			path = FruitSelector;
			sourceTree = "<group>";
		};
		667CB9702822C0340014170F /* Preview Content */ = {
			isa = PBXGroup;
			children = (
				667CB9712822C0340014170F /* Preview Assets.xcassets */,
			);
			path = "Preview Content";
			sourceTree = "<group>";
		};
		667CB9782822DA600014170F /* App */ = {
			isa = PBXGroup;
			children = (
				667CB96A2822C0300014170F /* FruitSelectorApp.swift */,
				667CB96C2822C0300014170F /* ContentView.swift */,
				667CB97E2822E1CE0014170F /* OnboardingView.swift */,
			);
			path = App;
			sourceTree = "<group>";
		};
		667CB9792822DAC40014170F /* View */ = {
			isa = PBXGroup;
			children = (
				667CB97A2822DAEE0014170F /* FruitCardView.swift */,
				667CB97C2822DED40014170F /* StartButtonView.swift */,
			);
			path = View;
			sourceTree = "<group>";
		};
		667CB9802822FEB40014170F /* Model */ = {
			isa = PBXGroup;
			children = (
				667CB9812822FED10014170F /* FruitModel.swift */,
			);
			path = Model;
			sourceTree = "<group>";
		};
		667CB9832822FF9A0014170F /* Data */ = {
			isa = PBXGroup;
			children = (
				667CB9842822FFB20014170F /* FruitData.swift */,
			);
			path = Data;
			sourceTree = "<group>";
		};
/* End PBXGroup section */

/* Begin PBXNativeTarget section */
		667CB9662822C0300014170F /* FruitSelector */ = {
			isa = PBXNativeTarget;
			buildConfigurationList = 667CB9752822C0340014170F /* Build configuration list for PBXNativeTarget "FruitSelector" */;
			buildPhases = (
				667CB9632822C0300014170F /* Sources */,
				667CB9642822C0300014170F /* Frameworks */,
				667CB9652822C0300014170F /* Resources */,
			);
			buildRules = (
			);
			dependencies = (
			);
			name = FruitSelector;
			productName = FruitSelector;
			productReference = 667CB9672822C0300014170F /* FruitSelector.app */;
			productType = "com.apple.product-type.application";
		};
/* End PBXNativeTarget section */

/* Begin PBXProject section */
		667CB95F2822C0300014170F /* Project object */ = {
			isa = PBXProject;
			attributes = {
				BuildIndependentTargetsInParallel = 1;
				LastSwiftUpdateCheck = 1330;
				LastUpgradeCheck = 1330;
				TargetAttributes = {
					667CB9662822C0300014170F = {
						CreatedOnToolsVersion = 13.3.1;
					};
				};
			};
			buildConfigurationList = 667CB9622822C0300014170F /* Build configuration list for PBXProject "FruitSelector" */;
			compatibilityVersion = "Xcode 13.0";
			developmentRegion = en;
			hasScannedForEncodings = 0;
			knownRegions = (
				en,
				Base,
			);
			mainGroup = 667CB95E2822C0300014170F;
			productRefGroup = 667CB9682822C0300014170F /* Products */;
			projectDirPath = "";
			projectRoot = "";
			targets = (
				667CB9662822C0300014170F /* FruitSelector */,
			);
		};
/* End PBXProject section */

/* Begin PBXResourcesBuildPhase section */
		667CB9652822C0300014170F /* Resources */ = {
			isa = PBXResourcesBuildPhase;
			buildActionMask = 2147483647;
			files = (
				667CB9722822C0340014170F /* Preview Assets.xcassets in Resources */,
				667CB96F2822C0340014170F /* Assets.xcassets in Resources */,
			);
			runOnlyForDeploymentPostprocessing = 0;
		};
/* End PBXResourcesBuildPhase section */

/* Begin PBXSourcesBuildPhase section */
		667CB9632822C0300014170F /* Sources */ = {
			isa = PBXSourcesBuildPhase;
			buildActionMask = 2147483647;
			files = (
				667CB9852822FFB20014170F /* FruitData.swift in Sources */,
				667CB97B2822DAEE0014170F /* FruitCardView.swift in Sources */,
				667CB97D2822DED40014170F /* StartButtonView.swift in Sources */,
				667CB96D2822C0300014170F /* ContentView.swift in Sources */,
				667CB97F2822E1CE0014170F /* OnboardingView.swift in Sources */,
				667CB9822822FED10014170F /* FruitModel.swift in Sources */,
				667CB96B2822C0300014170F /* FruitSelectorApp.swift in Sources */,
			);
			runOnlyForDeploymentPostprocessing = 0;
		};
/* End PBXSourcesBuildPhase section */

/* Begin XCBuildConfiguration section */
		667CB9732822C0340014170F /* Debug */ = {
			isa = XCBuildConfiguration;
			buildSettings = {
				ALWAYS_SEARCH_USER_PATHS = NO;
				CLANG_ANALYZER_NONNULL = YES;
				CLANG_ANALYZER_NUMBER_OBJECT_CONVERSION = YES_AGGRESSIVE;
				CLANG_CXX_LANGUAGE_STANDARD = "gnu++17";
				CLANG_ENABLE_MODULES = YES;
				CLANG_ENABLE_OBJC_ARC = YES;
				CLANG_ENABLE_OBJC_WEAK = YES;
				CLANG_WARN_BLOCK_CAPTURE_AUTORELEASING = YES;
				CLANG_WARN_BOOL_CONVERSION = YES;
				CLANG_WARN_COMMA = YES;
				CLANG_WARN_CONSTANT_CONVERSION = YES;
				CLANG_WARN_DEPRECATED_OBJC_IMPLEMENTATIONS = YES;
				CLANG_WARN_DIRECT_OBJC_ISA_USAGE = YES_ERROR;
				CLANG_WARN_DOCUMENTATION_COMMENTS = YES;
				CLANG_WARN_EMPTY_BODY = YES;
				CLANG_WARN_ENUM_CONVERSION = YES;
				CLANG_WARN_INFINITE_RECURSION = YES;
				CLANG_WARN_INT_CONVERSION = YES;
				CLANG_WARN_NON_LITERAL_NULL_CONVERSION = YES;
				CLANG_WARN_OBJC_IMPLICIT_RETAIN_SELF = YES;
				CLANG_WARN_OBJC_LITERAL_CONVERSION = YES;
				CLANG_WARN_OBJC_ROOT_CLASS = YES_ERROR;
				CLANG_WARN_QUOTED_INCLUDE_IN_FRAMEWORK_HEADER = YES;
				CLANG_WARN_RANGE_LOOP_ANALYSIS = YES;
				CLANG_WARN_STRICT_PROTOTYPES = YES;
				CLANG_WARN_SUSPICIOUS_MOVE = YES;
				CLANG_WARN_UNGUARDED_AVAILABILITY = YES_AGGRESSIVE;
				CLANG_WARN_UNREACHABLE_CODE = YES;
				CLANG_WARN__DUPLICATE_METHOD_MATCH = YES;
				COPY_PHASE_STRIP = NO;
				DEBUG_INFORMATION_FORMAT = dwarf;
				ENABLE_STRICT_OBJC_MSGSEND = YES;
				ENABLE_TESTABILITY = YES;
				GCC_C_LANGUAGE_STANDARD = gnu11;
				GCC_DYNAMIC_NO_PIC = NO;
				GCC_NO_COMMON_BLOCKS = YES;
				GCC_OPTIMIZATION_LEVEL = 0;
				GCC_PREPROCESSOR_DEFINITIONS = (
					"DEBUG=1",
					"$(inherited)",
				);
				GCC_WARN_64_TO_32_BIT_CONVERSION = YES;
				GCC_WARN_ABOUT_RETURN_TYPE = YES_ERROR;
				GCC_WARN_UNDECLARED_SELECTOR = YES;
				GCC_WARN_UNINITIALIZED_AUTOS = YES_AGGRESSIVE;
				GCC_WARN_UNUSED_FUNCTION = YES;
				GCC_WARN_UNUSED_VARIABLE = YES;
				IPHONEOS_DEPLOYMENT_TARGET = 15.4;
				MTL_ENABLE_DEBUG_INFO = INCLUDE_SOURCE;
				MTL_FAST_MATH = YES;
				ONLY_ACTIVE_ARCH = YES;
				SDKROOT = iphoneos;
				SWIFT_ACTIVE_COMPILATION_CONDITIONS = DEBUG;
				SWIFT_OPTIMIZATION_LEVEL = "-Onone";
			};
			name = Debug;
		};
		667CB9742822C0340014170F /* Release */ = {
			isa = XCBuildConfiguration;
			buildSettings = {
				ALWAYS_SEARCH_USER_PATHS = NO;
				CLANG_ANALYZER_NONNULL = YES;
				CLANG_ANALYZER_NUMBER_OBJECT_CONVERSION = YES_AGGRESSIVE;
				CLANG_CXX_LANGUAGE_STANDARD = "gnu++17";
				CLANG_ENABLE_MODULES = YES;
				CLANG_ENABLE_OBJC_ARC = YES;
				CLANG_ENABLE_OBJC_WEAK = YES;
				CLANG_WARN_BLOCK_CAPTURE_AUTORELEASING = YES;
				CLANG_WARN_BOOL_CONVERSION = YES;
				CLANG_WARN_COMMA = YES;
				CLANG_WARN_CONSTANT_CONVERSION = YES;
				CLANG_WARN_DEPRECATED_OBJC_IMPLEMENTATIONS = YES;
				CLANG_WARN_DIRECT_OBJC_ISA_USAGE = YES_ERROR;
				CLANG_WARN_DOCUMENTATION_COMMENTS = YES;
				CLANG_WARN_EMPTY_BODY = YES;
				CLANG_WARN_ENUM_CONVERSION = YES;
				CLANG_WARN_INFINITE_RECURSION = YES;
				CLANG_WARN_INT_CONVERSION = YES;
				CLANG_WARN_NON_LITERAL_NULL_CONVERSION = YES;
				CLANG_WARN_OBJC_IMPLICIT_RETAIN_SELF = YES;
				CLANG_WARN_OBJC_LITERAL_CONVERSION = YES;
				CLANG_WARN_OBJC_ROOT_CLASS = YES_ERROR;
				CLANG_WARN_QUOTED_INCLUDE_IN_FRAMEWORK_HEADER = YES;
				CLANG_WARN_RANGE_LOOP_ANALYSIS = YES;
				CLANG_WARN_STRICT_PROTOTYPES = YES;
				CLANG_WARN_SUSPICIOUS_MOVE = YES;
				CLANG_WARN_UNGUARDED_AVAILABILITY = YES_AGGRESSIVE;
				CLANG_WARN_UNREACHABLE_CODE = YES;
				CLANG_WARN__DUPLICATE_METHOD_MATCH = YES;
				COPY_PHASE_STRIP = NO;
				DEBUG_INFORMATION_FORMAT = "dwarf-with-dsym";
				ENABLE_NS_ASSERTIONS = NO;
				ENABLE_STRICT_OBJC_MSGSEND = YES;
				GCC_C_LANGUAGE_STANDARD = gnu11;
				GCC_NO_COMMON_BLOCKS = YES;
				GCC_WARN_64_TO_32_BIT_CONVERSION = YES;
				GCC_WARN_ABOUT_RETURN_TYPE = YES_ERROR;
				GCC_WARN_UNDECLARED_SELECTOR = YES;
				GCC_WARN_UNINITIALIZED_AUTOS = YES_AGGRESSIVE;
				GCC_WARN_UNUSED_FUNCTION = YES;
				GCC_WARN_UNUSED_VARIABLE = YES;
				IPHONEOS_DEPLOYMENT_TARGET = 15.4;
				MTL_ENABLE_DEBUG_INFO = NO;
				MTL_FAST_MATH = YES;
				SDKROOT = iphoneos;
				SWIFT_COMPILATION_MODE = wholemodule;
				SWIFT_OPTIMIZATION_LEVEL = "-O";
				VALIDATE_PRODUCT = YES;
			};
			name = Release;
		};
		667CB9762822C0340014170F /* Debug */ = {
			isa = XCBuildConfiguration;
			buildSettings = {
				ASSETCATALOG_COMPILER_APPICON_NAME = AppIcon;
				ASSETCATALOG_COMPILER_GLOBAL_ACCENT_COLOR_NAME = AccentColor;
				CODE_SIGN_STYLE = Automatic;
				CURRENT_PROJECT_VERSION = 1;
				DEVELOPMENT_ASSET_PATHS = "\"FruitSelector/Preview Content\"";
				DEVELOPMENT_TEAM = 3PX6J6VL32;
				ENABLE_PREVIEWS = YES;
				GENERATE_INFOPLIST_FILE = YES;
				INFOPLIST_KEY_UIApplicationSceneManifest_Generation = YES;
				INFOPLIST_KEY_UIApplicationSupportsIndirectInputEvents = YES;
				INFOPLIST_KEY_UILaunchScreen_Generation = YES;
				INFOPLIST_KEY_UISupportedInterfaceOrientations = UIInterfaceOrientationPortrait;
				INFOPLIST_KEY_UISupportedInterfaceOrientations_iPad = "UIInterfaceOrientationPortrait UIInterfaceOrientationPortraitUpsideDown UIInterfaceOrientationLandscapeLeft UIInterfaceOrientationLandscapeRight";
				INFOPLIST_KEY_UISupportedInterfaceOrientations_iPhone = UIInterfaceOrientationPortrait;
				LD_RUNPATH_SEARCH_PATHS = (
					"$(inherited)",
					"@executable_path/Frameworks",
				);
				MARKETING_VERSION = 1.0;
				PRODUCT_BUNDLE_IDENTIFIER = com.januszewski.FruitSelector;
				PRODUCT_NAME = "$(TARGET_NAME)";
				SWIFT_EMIT_LOC_STRINGS = YES;
				SWIFT_VERSION = 5.0;
				TARGETED_DEVICE_FAMILY = "1,2";
			};
			name = Debug;
		};
		667CB9772822C0340014170F /* Release */ = {
			isa = XCBuildConfiguration;
			buildSettings = {
				ASSETCATALOG_COMPILER_APPICON_NAME = AppIcon;
				ASSETCATALOG_COMPILER_GLOBAL_ACCENT_COLOR_NAME = AccentColor;
				CODE_SIGN_STYLE = Automatic;
				CURRENT_PROJECT_VERSION = 1;
				DEVELOPMENT_ASSET_PATHS = "\"FruitSelector/Preview Content\"";
				DEVELOPMENT_TEAM = 3PX6J6VL32;
				ENABLE_PREVIEWS = YES;
				GENERATE_INFOPLIST_FILE = YES;
				INFOPLIST_KEY_UIApplicationSceneManifest_Generation = YES;
				INFOPLIST_KEY_UIApplicationSupportsIndirectInputEvents = YES;
				INFOPLIST_KEY_UILaunchScreen_Generation = YES;
				INFOPLIST_KEY_UISupportedInterfaceOrientations = UIInterfaceOrientationPortrait;
				INFOPLIST_KEY_UISupportedInterfaceOrientations_iPad = "UIInterfaceOrientationPortrait UIInterfaceOrientationPortraitUpsideDown UIInterfaceOrientationLandscapeLeft UIInterfaceOrientationLandscapeRight";
				INFOPLIST_KEY_UISupportedInterfaceOrientations_iPhone = UIInterfaceOrientationPortrait;
				LD_RUNPATH_SEARCH_PATHS = (
					"$(inherited)",
					"@executable_path/Frameworks",
				);
				MARKETING_VERSION = 1.0;
				PRODUCT_BUNDLE_IDENTIFIER = com.januszewski.FruitSelector;
				PRODUCT_NAME = "$(TARGET_NAME)";
				SWIFT_EMIT_LOC_STRINGS = YES;
				SWIFT_VERSION = 5.0;
				TARGETED_DEVICE_FAMILY = "1,2";
			};
			name = Release;
		};
/* End XCBuildConfiguration section */

/* Begin XCConfigurationList section */
		667CB9622822C0300014170F /* Build configuration list for PBXProject "FruitSelector" */ = {
			isa = XCConfigurationList;
			buildConfigurations = (
				667CB9732822C0340014170F /* Debug */,
				667CB9742822C0340014170F /* Release */,
			);
			defaultConfigurationIsVisible = 0;
			defaultConfigurationName = Release;
		};
		667CB9752822C0340014170F /* Build configuration list for PBXNativeTarget "FruitSelector" */ = {
			isa = XCConfigurationList;
			buildConfigurations = (
				667CB9762822C0340014170F /* Debug */,
				667CB9772822C0340014170F /* Release */,
			);
			defaultConfigurationIsVisible = 0;
			defaultConfigurationName = Release;
		};
/* End XCConfigurationList section */
	};
	rootObject = 667CB95F2822C0300014170F /* Project object */;
}
